
Microsoft Visual Studio Solution File, Format Version 12.00
# Visual Studio Version 16
VisualStudioVersion = 16.0.29025.244
MinimumVisualStudioVersion = 10.0.40219.1
Project("{FAE04EC0-301F-11D3-BF4B-00C04F79EFBC}") = "05-Fiap.Web.AspNet", "05-Fiap.Web.AspNet\05-Fiap.Web.AspNet.csproj", "{FFC1C4D2-B67B-4251-AD25-C0CD6F86556B}"
EndProject
Global
	GlobalSection(SolutionConfigurationPlatforms) = preSolution
		Debug|Any CPU = Debug|Any CPU
		Release|Any CPU = Release|Any CPU
	EndGlobalSection
	GlobalSection(ProjectConfigurationPlatforms) = postSolution
		{FFC1C4D2-B67B-4251-AD25-C0CD6F86556B}.Debug|Any CPU.ActiveCfg = Debug|Any CPU
		{FFC1C4D2-B67B-4251-AD25-C0CD6F86556B}.Debug|Any CPU.Build.0 = Debug|Any CPU
		{FFC1C4D2-B67B-4251-AD25-C0CD6F86556B}.Release|Any CPU.ActiveCfg = Release|Any CPU
		{FFC1C4D2-B67B-4251-AD25-C0CD6F86556B}.Release|Any CPU.Build.0 = Release|Any CPU
	EndGlobalSection
	GlobalSection(SolutionProperties) = preSolution
		HideSolutionNode = FALSE
	EndGlobalSection
	GlobalSection(ExtensibilityGlobals) = postSolution
		SolutionGuid = {6705A874-A2FE-4B4F-B68F-CEA89D6C715C}
	EndGlobalSection
EndGlobal
